{
  "name": "omnirouter-core",
  "version": "1.0.0",
  "lockfileVersion": 3,
  "requires": true,
  "packages": {
    "": {
      "name": "omnirouter-core",
      "version": "1.0.0",
      "license": "ISC",
      "dependencies": {
        "ws": "^8.18.0"
      }
    },
    "node_modules/ws": {
      "version": "8.18.0",
      "resolved": "https://npmjs.org",
      "integrity": "sha512-8VbfWfHLbbwu3qvN6c4RIpEqg4QH5hjWLIhwmON3fOc5H6VFlHCp9rNGEQAk+1EcUbLfFaMAnT9kx4EFPaOWfA==",
      "license": "MIT",
      "engines": {
        "node": ">=10.0.0"
      },
      "peerDependencies": {
        "bufferutil": "^4.0.1",
        "utf-8-validate": ">=5.0.2"
      },
      "peerDependenciesMeta": {
        "bufferutil": {
          "optional": true
        },
        "utf-8-validate": {
          "optional": true
        }
      }
    }
  }
}
